
Microsoft Visual Studio Solution File, Format Version 12.00
# Visual Studio Version 17
VisualStudioVersion = 17.0.31903.59
MinimumVisualStudioVersion = 10.0.40219.1
Project("{2150E333-8FDC-42A3-9474-1A3956D46DE8}") = "A - Creational", "A - Creational", "{B0F237CE-4C3B-467B-AB3F-7FED90583AB9}"
EndProject
Project("{2150E333-8FDC-42A3-9474-1A3956D46DE8}") = "01 - Singleton", "01 - Singleton", "{482F9D07-99EE-4BF6-975F-295E89ECBCF9}"
EndProject
Project("{2150E333-8FDC-42A3-9474-1A3956D46DE8}") = "02 - Factory Method", "02 - Factory Method", "{E8783E99-05CD-4F71-B166-0FC1B90FC2C2}"
EndProject
Project("{2150E333-8FDC-42A3-9474-1A3956D46DE8}") = "03 - Abstract Factory", "03 - Abstract Factory", "{4763D927-A2E7-4322-8134-7D24DDD947F1}"
EndProject
Project("{9A19103F-16F7-4668-BE54-9A1E7A4F7556}") = "FactoryMethod", "FactoryMethod\FactoryMethod.csproj", "{1CDF5F40-3F42-4339-9702-8BC7EA4D9DEE}"
EndProject
Project("{9A19103F-16F7-4668-BE54-9A1E7A4F7556}") = "AbstractFactory", "AbstractFactory\AbstractFactory.csproj", "{51C54352-1897-4749-BD39-660613C2235B}"
EndProject
Project("{2150E333-8FDC-42A3-9474-1A3956D46DE8}") = "04 -Builder", "04 -Builder", "{21752809-82A5-4212-8444-166F656129FC}"
EndProject
Project("{9A19103F-16F7-4668-BE54-9A1E7A4F7556}") = "Builder", "Builder\Builder.csproj", "{8552B7D4-35B3-4916-8D5D-D0479802BA35}"
EndProject
Project("{2150E333-8FDC-42A3-9474-1A3956D46DE8}") = "05 - Prototype", "05 - Prototype", "{E0164F8E-AB94-4D3F-879A-6DB5F19FE84B}"
EndProject
Project("{9A19103F-16F7-4668-BE54-9A1E7A4F7556}") = "Prototype", "Prototype\Prototype.csproj", "{1C69FD15-5FD4-49AF-B31F-F2A3407364EC}"
EndProject
Project("{2150E333-8FDC-42A3-9474-1A3956D46DE8}") = "B - Structural", "B - Structural", "{BA4514FF-AA9E-402C-B074-5A16FF91FD6E}"
EndProject
Project("{2150E333-8FDC-42A3-9474-1A3956D46DE8}") = "06 - Adapter", "06 - Adapter", "{60637BBF-C1E5-47EF-9994-7870B51913A3}"
EndProject
Project("{9A19103F-16F7-4668-BE54-9A1E7A4F7556}") = "Adapter", "Adapter\Adapter.csproj", "{4E31DC34-C2C1-45C4-BC2D-21AFF98BDEB5}"
EndProject
Project("{2150E333-8FDC-42A3-9474-1A3956D46DE8}") = "07 - Bridge", "07 - Bridge", "{7A473B8C-26AF-4CAE-B3E5-E0F091F7F4D2}"
EndProject
Project("{9A19103F-16F7-4668-BE54-9A1E7A4F7556}") = "Bridge", "Bridge\Bridge.csproj", "{75E6E304-74F2-4D88-8589-4366B1A7684D}"
EndProject
Project("{2150E333-8FDC-42A3-9474-1A3956D46DE8}") = "08 - Decorator", "08 - Decorator", "{46719157-346D-4BCE-B34D-55D2B5F2E93A}"
EndProject
Project("{9A19103F-16F7-4668-BE54-9A1E7A4F7556}") = "Decorator", "Decorator\Decorator.csproj", "{12768030-04EF-4B1D-A0E9-7C96F6B73DBE}"
EndProject
Project("{2150E333-8FDC-42A3-9474-1A3956D46DE8}") = "09 - Composite", "09 - Composite", "{E262BBA8-94AE-495C-85E6-FA54BA6A90A2}"
EndProject
Project("{9A19103F-16F7-4668-BE54-9A1E7A4F7556}") = "Composite", "Composite\Composite.csproj", "{898A0BFF-C8CA-451D-BA92-DACABABFF53E}"
EndProject
Project("{2150E333-8FDC-42A3-9474-1A3956D46DE8}") = "10 - Facade", "10 - Facade", "{BA606C2E-5A34-4290-AC23-58E5482CD300}"
EndProject
Project("{9A19103F-16F7-4668-BE54-9A1E7A4F7556}") = "Facade", "Facade\Facade.csproj", "{2F4804B4-98BC-4DF6-8362-E96AA344A29A}"
EndProject
Project("{2150E333-8FDC-42A3-9474-1A3956D46DE8}") = "11 - Proxy", "11 - Proxy", "{59DA4BDF-CFF5-4F06-8878-67F7900F37D7}"
EndProject
Project("{9A19103F-16F7-4668-BE54-9A1E7A4F7556}") = "Proxy", "Proxy\Proxy.csproj", "{3BDFB38E-00D4-434E-8985-5D6661931089}"
EndProject
Project("{2150E333-8FDC-42A3-9474-1A3956D46DE8}") = "12 - Flyweight", "12 - Flyweight", "{449D2089-E1E9-4097-8996-5E6E3D80B24C}"
EndProject
Project("{9A19103F-16F7-4668-BE54-9A1E7A4F7556}") = "Flyweight", "Flyweight\Flyweight.csproj", "{ACCB5262-A3F5-4A77-864F-F27A3A3B5259}"
EndProject
Project("{9A19103F-16F7-4668-BE54-9A1E7A4F7556}") = "Singleton", "Singleton\Singleton.csproj", "{347B70DD-B108-4DB3-B36E-01DC8ADB9C2C}"
EndProject
Project("{2150E333-8FDC-42A3-9474-1A3956D46DE8}") = "C - Behavioral", "C - Behavioral", "{EE357574-412D-4C9D-A167-5002DE164362}"
EndProject
Project("{2150E333-8FDC-42A3-9474-1A3956D46DE8}") = "15 - Command", "15 - Command", "{7736AF2A-2B94-42FB-A793-5020973687C8}"
EndProject
Project("{9A19103F-16F7-4668-BE54-9A1E7A4F7556}") = "Command", "Command\Command.csproj", "{BA3B3232-7FC9-43AF-9AFE-E4F5211B4F1D}"
EndProject
Project("{2150E333-8FDC-42A3-9474-1A3956D46DE8}") = "16 - Memento", "16 - Memento", "{C5BDE3AF-1138-4E87-8810-611687FFA522}"
EndProject
Project("{9A19103F-16F7-4668-BE54-9A1E7A4F7556}") = "Memento", "Memento\Memento.csproj", "{176C219A-5E5A-4710-B360-E09DBC80690D}"
EndProject
Project("{2150E333-8FDC-42A3-9474-1A3956D46DE8}") = "20 - State", "20 - State", "{0CC41725-98B1-4F2E-ACB9-3A0F47F65E97}"
EndProject
Project("{9A19103F-16F7-4668-BE54-9A1E7A4F7556}") = "State", "State\State.csproj", "{9D29533E-7C7F-4B72-9331-81EA8A9957D7}"
EndProject
Project("{2150E333-8FDC-42A3-9474-1A3956D46DE8}") = "14 - Strategy", "14 - Strategy", "{62068BDC-394F-4A1E-825B-C7DE137900BB}"
EndProject
Project("{9A19103F-16F7-4668-BE54-9A1E7A4F7556}") = "Strategy", "Strategy\Strategy.csproj", "{6E87E3A0-ECDB-47DD-B9E8-D9E31A27D812}"
EndProject
Project("{2150E333-8FDC-42A3-9474-1A3956D46DE8}") = "17 - Mediator", "17 - Mediator", "{F71B79ED-777C-4707-9D38-CF15A476C55B}"
EndProject
Project("{9A19103F-16F7-4668-BE54-9A1E7A4F7556}") = "Mediator", "Mediator\Mediator.csproj", "{913A71BA-D3BC-41F1-BA44-888AB8658630}"
EndProject
Project("{2150E333-8FDC-42A3-9474-1A3956D46DE8}") = "18 - Chain of Responsibility", "18 - Chain of Responsibility", "{71A327E1-BA13-466C-B1A6-FA4551E8A670}"
EndProject
Project("{9A19103F-16F7-4668-BE54-9A1E7A4F7556}") = "ChainOfResponsibility", "ChainOfResponsibility\ChainOfResponsibility.csproj", "{8768B99D-DC81-4951-BA46-8F1D10631C69}"
EndProject
Project("{2150E333-8FDC-42A3-9474-1A3956D46DE8}") = "19 - Observer", "19 - Observer", "{162BE83E-9D99-494B-8464-BB0BEE0BCC81}"
EndProject
Project("{9A19103F-16F7-4668-BE54-9A1E7A4F7556}") = "Observer", "Observer\Observer.csproj", "{8FA532ED-DB9D-47E7-AD53-31881953993A}"
EndProject
Project("{2150E333-8FDC-42A3-9474-1A3956D46DE8}") = "21 - Iterator", "21 - Iterator", "{818D8FDD-1C97-48D8-AEEF-A7F193AA9187}"
EndProject
Project("{9A19103F-16F7-4668-BE54-9A1E7A4F7556}") = "Iterator", "Iterator\Iterator.csproj", "{D4FEF27B-1C98-495E-93EF-1AC36ED810AB}"
EndProject
Project("{2150E333-8FDC-42A3-9474-1A3956D46DE8}") = "22 - Visitor", "22 - Visitor", "{173BC868-E7AE-43AE-A05E-FD9BEEA980C7}"
EndProject
Project("{9A19103F-16F7-4668-BE54-9A1E7A4F7556}") = "Visitor", "Visitor\Visitor.csproj", "{E3A37190-E73D-4F91-A249-9B5D18CF83AF}"
EndProject
Project("{2150E333-8FDC-42A3-9474-1A3956D46DE8}") = "13 - Template Method", "13 - Template Method", "{1622583F-64EB-4F30-8D38-E897FF8FA140}"
EndProject
Project("{9A19103F-16F7-4668-BE54-9A1E7A4F7556}") = "TemplateMethod", "TemplateMethod\TemplateMethod.csproj", "{97CB88F2-868A-457A-90EB-89F55B9CBBF4}"
EndProject
Project("{2150E333-8FDC-42A3-9474-1A3956D46DE8}") = "23 - Interpreter", "23 - Interpreter", "{FBA7CDD7-9BF5-4272-9414-C9A4DB6D5BDB}"
EndProject
Project("{9A19103F-16F7-4668-BE54-9A1E7A4F7556}") = "Interpreter", "Interpreter\Interpreter.csproj", "{39C0A16A-B9F1-444B-9D5D-F46BBB84F746}"
EndProject
Global
	GlobalSection(SolutionConfigurationPlatforms) = preSolution
		Debug|Any CPU = Debug|Any CPU
		Release|Any CPU = Release|Any CPU
	EndGlobalSection
	GlobalSection(ProjectConfigurationPlatforms) = postSolution
		{1CDF5F40-3F42-4339-9702-8BC7EA4D9DEE}.Debug|Any CPU.ActiveCfg = Debug|Any CPU
		{1CDF5F40-3F42-4339-9702-8BC7EA4D9DEE}.Debug|Any CPU.Build.0 = Debug|Any CPU
		{1CDF5F40-3F42-4339-9702-8BC7EA4D9DEE}.Release|Any CPU.ActiveCfg = Release|Any CPU
		{1CDF5F40-3F42-4339-9702-8BC7EA4D9DEE}.Release|Any CPU.Build.0 = Release|Any CPU
		{51C54352-1897-4749-BD39-660613C2235B}.Debug|Any CPU.ActiveCfg = Debug|Any CPU
		{51C54352-1897-4749-BD39-660613C2235B}.Debug|Any CPU.Build.0 = Debug|Any CPU
		{51C54352-1897-4749-BD39-660613C2235B}.Release|Any CPU.ActiveCfg = Release|Any CPU
		{51C54352-1897-4749-BD39-660613C2235B}.Release|Any CPU.Build.0 = Release|Any CPU
		{8552B7D4-35B3-4916-8D5D-D0479802BA35}.Debug|Any CPU.ActiveCfg = Debug|Any CPU
		{8552B7D4-35B3-4916-8D5D-D0479802BA35}.Debug|Any CPU.Build.0 = Debug|Any CPU
		{8552B7D4-35B3-4916-8D5D-D0479802BA35}.Release|Any CPU.ActiveCfg = Release|Any CPU
		{8552B7D4-35B3-4916-8D5D-D0479802BA35}.Release|Any CPU.Build.0 = Release|Any CPU
		{1C69FD15-5FD4-49AF-B31F-F2A3407364EC}.Debug|Any CPU.ActiveCfg = Debug|Any CPU
		{1C69FD15-5FD4-49AF-B31F-F2A3407364EC}.Debug|Any CPU.Build.0 = Debug|Any CPU
		{1C69FD15-5FD4-49AF-B31F-F2A3407364EC}.Release|Any CPU.ActiveCfg = Release|Any CPU
		{1C69FD15-5FD4-49AF-B31F-F2A3407364EC}.Release|Any CPU.Build.0 = Release|Any CPU
		{4E31DC34-C2C1-45C4-BC2D-21AFF98BDEB5}.Debug|Any CPU.ActiveCfg = Debug|Any CPU
		{4E31DC34-C2C1-45C4-BC2D-21AFF98BDEB5}.Debug|Any CPU.Build.0 = Debug|Any CPU
		{4E31DC34-C2C1-45C4-BC2D-21AFF98BDEB5}.Release|Any CPU.ActiveCfg = Release|Any CPU
		{4E31DC34-C2C1-45C4-BC2D-21AFF98BDEB5}.Release|Any CPU.Build.0 = Release|Any CPU
		{75E6E304-74F2-4D88-8589-4366B1A7684D}.Debug|Any CPU.ActiveCfg = Debug|Any CPU
		{75E6E304-74F2-4D88-8589-4366B1A7684D}.Debug|Any CPU.Build.0 = Debug|Any CPU
		{75E6E304-74F2-4D88-8589-4366B1A7684D}.Release|Any CPU.ActiveCfg = Release|Any CPU
		{75E6E304-74F2-4D88-8589-4366B1A7684D}.Release|Any CPU.Build.0 = Release|Any CPU
		{12768030-04EF-4B1D-A0E9-7C96F6B73DBE}.Debug|Any CPU.ActiveCfg = Debug|Any CPU
		{12768030-04EF-4B1D-A0E9-7C96F6B73DBE}.Debug|Any CPU.Build.0 = Debug|Any CPU
		{12768030-04EF-4B1D-A0E9-7C96F6B73DBE}.Release|Any CPU.ActiveCfg = Release|Any CPU
		{12768030-04EF-4B1D-A0E9-7C96F6B73DBE}.Release|Any CPU.Build.0 = Release|Any CPU
		{898A0BFF-C8CA-451D-BA92-DACABABFF53E}.Debug|Any CPU.ActiveCfg = Debug|Any CPU
		{898A0BFF-C8CA-451D-BA92-DACABABFF53E}.Debug|Any CPU.Build.0 = Debug|Any CPU
		{898A0BFF-C8CA-451D-BA92-DACABABFF53E}.Release|Any CPU.ActiveCfg = Release|Any CPU
		{898A0BFF-C8CA-451D-BA92-DACABABFF53E}.Release|Any CPU.Build.0 = Release|Any CPU
		{2F4804B4-98BC-4DF6-8362-E96AA344A29A}.Debug|Any CPU.ActiveCfg = Debug|Any CPU
		{2F4804B4-98BC-4DF6-8362-E96AA344A29A}.Debug|Any CPU.Build.0 = Debug|Any CPU
		{2F4804B4-98BC-4DF6-8362-E96AA344A29A}.Release|Any CPU.ActiveCfg = Release|Any CPU
		{2F4804B4-98BC-4DF6-8362-E96AA344A29A}.Release|Any CPU.Build.0 = Release|Any CPU
		{3BDFB38E-00D4-434E-8985-5D6661931089}.Debug|Any CPU.ActiveCfg = Debug|Any CPU
		{3BDFB38E-00D4-434E-8985-5D6661931089}.Debug|Any CPU.Build.0 = Debug|Any CPU
		{3BDFB38E-00D4-434E-8985-5D6661931089}.Release|Any CPU.ActiveCfg = Release|Any CPU
		{3BDFB38E-00D4-434E-8985-5D6661931089}.Release|Any CPU.Build.0 = Release|Any CPU
		{ACCB5262-A3F5-4A77-864F-F27A3A3B5259}.Debug|Any CPU.ActiveCfg = Debug|Any CPU
		{ACCB5262-A3F5-4A77-864F-F27A3A3B5259}.Debug|Any CPU.Build.0 = Debug|Any CPU
		{ACCB5262-A3F5-4A77-864F-F27A3A3B5259}.Release|Any CPU.ActiveCfg = Release|Any CPU
		{ACCB5262-A3F5-4A77-864F-F27A3A3B5259}.Release|Any CPU.Build.0 = Release|Any CPU
		{347B70DD-B108-4DB3-B36E-01DC8ADB9C2C}.Debug|Any CPU.ActiveCfg = Debug|Any CPU
		{347B70DD-B108-4DB3-B36E-01DC8ADB9C2C}.Debug|Any CPU.Build.0 = Debug|Any CPU
		{347B70DD-B108-4DB3-B36E-01DC8ADB9C2C}.Release|Any CPU.ActiveCfg = Release|Any CPU
		{347B70DD-B108-4DB3-B36E-01DC8ADB9C2C}.Release|Any CPU.Build.0 = Release|Any CPU
		{BA3B3232-7FC9-43AF-9AFE-E4F5211B4F1D}.Debug|Any CPU.ActiveCfg = Debug|Any CPU
		{BA3B3232-7FC9-43AF-9AFE-E4F5211B4F1D}.Debug|Any CPU.Build.0 = Debug|Any CPU
		{BA3B3232-7FC9-43AF-9AFE-E4F5211B4F1D}.Release|Any CPU.ActiveCfg = Release|Any CPU
		{BA3B3232-7FC9-43AF-9AFE-E4F5211B4F1D}.Release|Any CPU.Build.0 = Release|Any CPU
		{176C219A-5E5A-4710-B360-E09DBC80690D}.Debug|Any CPU.ActiveCfg = Debug|Any CPU
		{176C219A-5E5A-4710-B360-E09DBC80690D}.Debug|Any CPU.Build.0 = Debug|Any CPU
		{176C219A-5E5A-4710-B360-E09DBC80690D}.Release|Any CPU.ActiveCfg = Release|Any CPU
		{176C219A-5E5A-4710-B360-E09DBC80690D}.Release|Any CPU.Build.0 = Release|Any CPU
		{9D29533E-7C7F-4B72-9331-81EA8A9957D7}.Debug|Any CPU.ActiveCfg = Debug|Any CPU
		{9D29533E-7C7F-4B72-9331-81EA8A9957D7}.Debug|Any CPU.Build.0 = Debug|Any CPU
		{9D29533E-7C7F-4B72-9331-81EA8A9957D7}.Release|Any CPU.ActiveCfg = Release|Any CPU
		{9D29533E-7C7F-4B72-9331-81EA8A9957D7}.Release|Any CPU.Build.0 = Release|Any CPU
		{6E87E3A0-ECDB-47DD-B9E8-D9E31A27D812}.Debug|Any CPU.ActiveCfg = Debug|Any CPU
		{6E87E3A0-ECDB-47DD-B9E8-D9E31A27D812}.Debug|Any CPU.Build.0 = Debug|Any CPU
		{6E87E3A0-ECDB-47DD-B9E8-D9E31A27D812}.Release|Any CPU.ActiveCfg = Release|Any CPU
		{6E87E3A0-ECDB-47DD-B9E8-D9E31A27D812}.Release|Any CPU.Build.0 = Release|Any CPU
		{913A71BA-D3BC-41F1-BA44-888AB8658630}.Debug|Any CPU.ActiveCfg = Debug|Any CPU
		{913A71BA-D3BC-41F1-BA44-888AB8658630}.Debug|Any CPU.Build.0 = Debug|Any CPU
		{913A71BA-D3BC-41F1-BA44-888AB8658630}.Release|Any CPU.ActiveCfg = Release|Any CPU
		{913A71BA-D3BC-41F1-BA44-888AB8658630}.Release|Any CPU.Build.0 = Release|Any CPU
		{8768B99D-DC81-4951-BA46-8F1D10631C69}.Debug|Any CPU.ActiveCfg = Debug|Any CPU
		{8768B99D-DC81-4951-BA46-8F1D10631C69}.Debug|Any CPU.Build.0 = Debug|Any CPU
		{8768B99D-DC81-4951-BA46-8F1D10631C69}.Release|Any CPU.ActiveCfg = Release|Any CPU
		{8768B99D-DC81-4951-BA46-8F1D10631C69}.Release|Any CPU.Build.0 = Release|Any CPU
		{8FA532ED-DB9D-47E7-AD53-31881953993A}.Debug|Any CPU.ActiveCfg = Debug|Any CPU
		{8FA532ED-DB9D-47E7-AD53-31881953993A}.Debug|Any CPU.Build.0 = Debug|Any CPU
		{8FA532ED-DB9D-47E7-AD53-31881953993A}.Release|Any CPU.ActiveCfg = Release|Any CPU
		{8FA532ED-DB9D-47E7-AD53-31881953993A}.Release|Any CPU.Build.0 = Release|Any CPU
		{D4FEF27B-1C98-495E-93EF-1AC36ED810AB}.Debug|Any CPU.ActiveCfg = Debug|Any CPU
		{D4FEF27B-1C98-495E-93EF-1AC36ED810AB}.Debug|Any CPU.Build.0 = Debug|Any CPU
		{D4FEF27B-1C98-495E-93EF-1AC36ED810AB}.Release|Any CPU.ActiveCfg = Release|Any CPU
		{D4FEF27B-1C98-495E-93EF-1AC36ED810AB}.Release|Any CPU.Build.0 = Release|Any CPU
		{E3A37190-E73D-4F91-A249-9B5D18CF83AF}.Debug|Any CPU.ActiveCfg = Debug|Any CPU
		{E3A37190-E73D-4F91-A249-9B5D18CF83AF}.Debug|Any CPU.Build.0 = Debug|Any CPU
		{E3A37190-E73D-4F91-A249-9B5D18CF83AF}.Release|Any CPU.ActiveCfg = Release|Any CPU
		{E3A37190-E73D-4F91-A249-9B5D18CF83AF}.Release|Any CPU.Build.0 = Release|Any CPU
		{97CB88F2-868A-457A-90EB-89F55B9CBBF4}.Debug|Any CPU.ActiveCfg = Debug|Any CPU
		{97CB88F2-868A-457A-90EB-89F55B9CBBF4}.Debug|Any CPU.Build.0 = Debug|Any CPU
		{97CB88F2-868A-457A-90EB-89F55B9CBBF4}.Release|Any CPU.ActiveCfg = Release|Any CPU
		{97CB88F2-868A-457A-90EB-89F55B9CBBF4}.Release|Any CPU.Build.0 = Release|Any CPU
		{39C0A16A-B9F1-444B-9D5D-F46BBB84F746}.Debug|Any CPU.ActiveCfg = Debug|Any CPU
		{39C0A16A-B9F1-444B-9D5D-F46BBB84F746}.Debug|Any CPU.Build.0 = Debug|Any CPU
		{39C0A16A-B9F1-444B-9D5D-F46BBB84F746}.Release|Any CPU.ActiveCfg = Release|Any CPU
		{39C0A16A-B9F1-444B-9D5D-F46BBB84F746}.Release|Any CPU.Build.0 = Release|Any CPU
	EndGlobalSection
	GlobalSection(SolutionProperties) = preSolution
		HideSolutionNode = FALSE
	EndGlobalSection
	GlobalSection(NestedProjects) = preSolution
		{482F9D07-99EE-4BF6-975F-295E89ECBCF9} = {B0F237CE-4C3B-467B-AB3F-7FED90583AB9}
		{E8783E99-05CD-4F71-B166-0FC1B90FC2C2} = {B0F237CE-4C3B-467B-AB3F-7FED90583AB9}
		{4763D927-A2E7-4322-8134-7D24DDD947F1} = {B0F237CE-4C3B-467B-AB3F-7FED90583AB9}
		{1CDF5F40-3F42-4339-9702-8BC7EA4D9DEE} = {E8783E99-05CD-4F71-B166-0FC1B90FC2C2}
		{51C54352-1897-4749-BD39-660613C2235B} = {4763D927-A2E7-4322-8134-7D24DDD947F1}
		{21752809-82A5-4212-8444-166F656129FC} = {B0F237CE-4C3B-467B-AB3F-7FED90583AB9}
		{8552B7D4-35B3-4916-8D5D-D0479802BA35} = {21752809-82A5-4212-8444-166F656129FC}
		{E0164F8E-AB94-4D3F-879A-6DB5F19FE84B} = {B0F237CE-4C3B-467B-AB3F-7FED90583AB9}
		{1C69FD15-5FD4-49AF-B31F-F2A3407364EC} = {E0164F8E-AB94-4D3F-879A-6DB5F19FE84B}
		{60637BBF-C1E5-47EF-9994-7870B51913A3} = {BA4514FF-AA9E-402C-B074-5A16FF91FD6E}
		{4E31DC34-C2C1-45C4-BC2D-21AFF98BDEB5} = {60637BBF-C1E5-47EF-9994-7870B51913A3}
		{7A473B8C-26AF-4CAE-B3E5-E0F091F7F4D2} = {BA4514FF-AA9E-402C-B074-5A16FF91FD6E}
		{75E6E304-74F2-4D88-8589-4366B1A7684D} = {7A473B8C-26AF-4CAE-B3E5-E0F091F7F4D2}
		{46719157-346D-4BCE-B34D-55D2B5F2E93A} = {BA4514FF-AA9E-402C-B074-5A16FF91FD6E}
		{12768030-04EF-4B1D-A0E9-7C96F6B73DBE} = {46719157-346D-4BCE-B34D-55D2B5F2E93A}
		{E262BBA8-94AE-495C-85E6-FA54BA6A90A2} = {BA4514FF-AA9E-402C-B074-5A16FF91FD6E}
		{898A0BFF-C8CA-451D-BA92-DACABABFF53E} = {E262BBA8-94AE-495C-85E6-FA54BA6A90A2}
		{BA606C2E-5A34-4290-AC23-58E5482CD300} = {BA4514FF-AA9E-402C-B074-5A16FF91FD6E}
		{2F4804B4-98BC-4DF6-8362-E96AA344A29A} = {BA606C2E-5A34-4290-AC23-58E5482CD300}
		{59DA4BDF-CFF5-4F06-8878-67F7900F37D7} = {BA4514FF-AA9E-402C-B074-5A16FF91FD6E}
		{3BDFB38E-00D4-434E-8985-5D6661931089} = {59DA4BDF-CFF5-4F06-8878-67F7900F37D7}
		{449D2089-E1E9-4097-8996-5E6E3D80B24C} = {BA4514FF-AA9E-402C-B074-5A16FF91FD6E}
		{ACCB5262-A3F5-4A77-864F-F27A3A3B5259} = {449D2089-E1E9-4097-8996-5E6E3D80B24C}
		{347B70DD-B108-4DB3-B36E-01DC8ADB9C2C} = {482F9D07-99EE-4BF6-975F-295E89ECBCF9}
		{7736AF2A-2B94-42FB-A793-5020973687C8} = {EE357574-412D-4C9D-A167-5002DE164362}
		{BA3B3232-7FC9-43AF-9AFE-E4F5211B4F1D} = {7736AF2A-2B94-42FB-A793-5020973687C8}
		{C5BDE3AF-1138-4E87-8810-611687FFA522} = {EE357574-412D-4C9D-A167-5002DE164362}
		{176C219A-5E5A-4710-B360-E09DBC80690D} = {C5BDE3AF-1138-4E87-8810-611687FFA522}
		{0CC41725-98B1-4F2E-ACB9-3A0F47F65E97} = {EE357574-412D-4C9D-A167-5002DE164362}
		{9D29533E-7C7F-4B72-9331-81EA8A9957D7} = {0CC41725-98B1-4F2E-ACB9-3A0F47F65E97}
		{62068BDC-394F-4A1E-825B-C7DE137900BB} = {EE357574-412D-4C9D-A167-5002DE164362}
		{6E87E3A0-ECDB-47DD-B9E8-D9E31A27D812} = {62068BDC-394F-4A1E-825B-C7DE137900BB}
		{F71B79ED-777C-4707-9D38-CF15A476C55B} = {EE357574-412D-4C9D-A167-5002DE164362}
		{913A71BA-D3BC-41F1-BA44-888AB8658630} = {F71B79ED-777C-4707-9D38-CF15A476C55B}
		{71A327E1-BA13-466C-B1A6-FA4551E8A670} = {EE357574-412D-4C9D-A167-5002DE164362}
		{8768B99D-DC81-4951-BA46-8F1D10631C69} = {71A327E1-BA13-466C-B1A6-FA4551E8A670}
		{162BE83E-9D99-494B-8464-BB0BEE0BCC81} = {EE357574-412D-4C9D-A167-5002DE164362}
		{8FA532ED-DB9D-47E7-AD53-31881953993A} = {162BE83E-9D99-494B-8464-BB0BEE0BCC81}
		{818D8FDD-1C97-48D8-AEEF-A7F193AA9187} = {EE357574-412D-4C9D-A167-5002DE164362}
		{D4FEF27B-1C98-495E-93EF-1AC36ED810AB} = {818D8FDD-1C97-48D8-AEEF-A7F193AA9187}
		{173BC868-E7AE-43AE-A05E-FD9BEEA980C7} = {EE357574-412D-4C9D-A167-5002DE164362}
		{E3A37190-E73D-4F91-A249-9B5D18CF83AF} = {173BC868-E7AE-43AE-A05E-FD9BEEA980C7}
		{1622583F-64EB-4F30-8D38-E897FF8FA140} = {EE357574-412D-4C9D-A167-5002DE164362}
		{97CB88F2-868A-457A-90EB-89F55B9CBBF4} = {1622583F-64EB-4F30-8D38-E897FF8FA140}
		{FBA7CDD7-9BF5-4272-9414-C9A4DB6D5BDB} = {EE357574-412D-4C9D-A167-5002DE164362}
		{39C0A16A-B9F1-444B-9D5D-F46BBB84F746} = {FBA7CDD7-9BF5-4272-9414-C9A4DB6D5BDB}
	EndGlobalSection
	GlobalSection(ExtensibilityGlobals) = postSolution
		SolutionGuid = {F84E1DA5-656F-4C72-9FBA-4A07AD3EE35E}
	EndGlobalSection
EndGlobal
